
Microsoft Visual Studio Solution File, Format Version 12.00
# Visual Studio 14
VisualStudioVersion = 14.0.23107.0
MinimumVisualStudioVersion = 10.0.40219.1
Project("{FAE04EC0-301F-11D3-BF4B-00C04F79EFBC}") = "Import Test", "Import Test\Import Test.csproj", "{12EEE73A-E08D-44A2-8B2D-20BA513910CA}"
EndProject
Global
	GlobalSection(SolutionConfigurationPlatforms) = preSolution
		Debug|Any CPU = Debug|Any CPU
		Release|Any CPU = Release|Any CPU
	EndGlobalSection
	GlobalSection(ProjectConfigurationPlatforms) = postSolution
		{12EEE73A-E08D-44A2-8B2D-20BA513910CA}.Debug|Any CPU.ActiveCfg = Debug|Any CPU
		{12EEE73A-E08D-44A2-8B2D-20BA513910CA}.Debug|Any CPU.Build.0 = Debug|Any CPU
		{12EEE73A-E08D-44A2-8B2D-20BA513910CA}.Release|Any CPU.ActiveCfg = Release|Any CPU
		{12EEE73A-E08D-44A2-8B2D-20BA513910CA}.Release|Any CPU.Build.0 = Release|Any CPU
	EndGlobalSection
	GlobalSection(SolutionProperties) = preSolution
		HideSolutionNode = FALSE
	EndGlobalSection
EndGlobal
